
Microsoft Visual Studio Solution File, Format Version 12.00
# Visual Studio Version 17
VisualStudioVersion = 17.3.32929.385
MinimumVisualStudioVersion = 10.0.40219.1
Project("{FAE04EC0-301F-11D3-BF4B-00C04F79EFBC}") = "eTickets", "eTickets\eTickets.csproj", "{7AAA3BF8-CA58-4561-82FD-150818033D56}"
EndProject
Global
	GlobalSection(SolutionConfigurationPlatforms) = preSolution
		Debug|Any CPU = Debug|Any CPU
		Release|Any CPU = Release|Any CPU
	EndGlobalSection
	GlobalSection(ProjectConfigurationPlatforms) = postSolution
		{7AAA3BF8-CA58-4561-82FD-150818033D56}.Debug|Any CPU.ActiveCfg = Debug|Any CPU
		{7AAA3BF8-CA58-4561-82FD-150818033D56}.Debug|Any CPU.Build.0 = Debug|Any CPU
		{7AAA3BF8-CA58-4561-82FD-150818033D56}.Release|Any CPU.ActiveCfg = Release|Any CPU
		{7AAA3BF8-CA58-4561-82FD-150818033D56}.Release|Any CPU.Build.0 = Release|Any CPU
	EndGlobalSection
	GlobalSection(SolutionProperties) = preSolution
		HideSolutionNode = FALSE
	EndGlobalSection
	GlobalSection(ExtensibilityGlobals) = postSolution
		SolutionGuid = {893BA540-3B9A-4728-A8D3-29BBC3B9AE08}
	EndGlobalSection
EndGlobal
